// !$*UTF8*$!
{
	archiveVersion = 1;
	classes = {
	};
	objectVersion = 46;
	objects = {

/* Begin PBXBuildFile section */
		8B0F30DD1B1E76BE0022D25D /* InfoPostingViewController.swift in Sources */ = {isa = PBXBuildFile; fileRef = 8B0F30DC1B1E76BE0022D25D /* InfoPostingViewController.swift */; };
		8B0F30E31B2250B70022D25D /* MBProgressHUD.m in Sources */ = {isa = PBXBuildFile; fileRef = 8B0F30E21B2250B70022D25D /* MBProgressHUD.m */; };
		8B0F30E71B2375B20022D25D /* NetworkHandler.swift in Sources */ = {isa = PBXBuildFile; fileRef = 8B0F30E61B2375B20022D25D /* NetworkHandler.swift */; };
		8B6F31DD1B6BCA2000CD9C8B /* FBSDKCoreKit.framework in Frameworks */ = {isa = PBXBuildFile; fileRef = 8B6F31DB1B6BCA2000CD9C8B /* FBSDKCoreKit.framework */; };
		8B6F31DE1B6BCA2000CD9C8B /* FBSDKLoginKit.framework in Frameworks */ = {isa = PBXBuildFile; fileRef = 8B6F31DC1B6BCA2000CD9C8B /* FBSDKLoginKit.framework */; };
		8B8423921B56DC7900B69539 /* SubmittedPin.swift in Sources */ = {isa = PBXBuildFile; fileRef = 8B8423911B56DC7900B69539 /* SubmittedPin.swift */; };
		8BA6FA221B11BABA0054485A /* StudentPin.swift in Sources */ = {isa = PBXBuildFile; fileRef = 8BA6FA211B11BABA0054485A /* StudentPin.swift */; };
		8BBE95181B0E7A100021B769 /* AppDelegate.swift in Sources */ = {isa = PBXBuildFile; fileRef = 8BBE95171B0E7A100021B769 /* AppDelegate.swift */; };
		8BBE951A1B0E7A100021B769 /* LogInViewController.swift in Sources */ = {isa = PBXBuildFile; fileRef = 8BBE95191B0E7A100021B769 /* LogInViewController.swift */; };
		8BBE951D1B0E7A100021B769 /* Main.storyboard in Resources */ = {isa = PBXBuildFile; fileRef = 8BBE951B1B0E7A100021B769 /* Main.storyboard */; };
		8BBE951F1B0E7A100021B769 /* Images.xcassets in Resources */ = {isa = PBXBuildFile; fileRef = 8BBE951E1B0E7A100021B769 /* Images.xcassets */; };
		8BBE95221B0E7A100021B769 /* LaunchScreen.xib in Resources */ = {isa = PBXBuildFile; fileRef = 8BBE95201B0E7A100021B769 /* LaunchScreen.xib */; };
		8BBE952E1B0E7A100021B769 /* On_The_MapTests.swift in Sources */ = {isa = PBXBuildFile; fileRef = 8BBE952D1B0E7A100021B769 /* On_The_MapTests.swift */; };
		8BBE953A1B0ED18A0021B769 /* MapViewController.swift in Sources */ = {isa = PBXBuildFile; fileRef = 8BBE95391B0ED18A0021B769 /* MapViewController.swift */; };
		8BBE953C1B0ED1DA0021B769 /* TableViewController.swift in Sources */ = {isa = PBXBuildFile; fileRef = 8BBE953B1B0ED1DA0021B769 /* TableViewController.swift */; };
		8BEBED021B30BFFB00820269 /* Student.swift in Sources */ = {isa = PBXBuildFile; fileRef = 8BEBED011B30BFFB00820269 /* Student.swift */; };
/* End PBXBuildFile section */

/* Begin PBXContainerItemProxy section */
		8BBE95281B0E7A100021B769 /* PBXContainerItemProxy */ = {
			isa = PBXContainerItemProxy;
			containerPortal = 8BBE950A1B0E7A100021B769 /* Project object */;
			proxyType = 1;
			remoteGlobalIDString = 8BBE95111B0E7A100021B769;
			remoteInfo = "On The Map";
		};
/* End PBXContainerItemProxy section */

/* Begin PBXFileReference section */
		8B0F30DC1B1E76BE0022D25D /* InfoPostingViewController.swift */ = {isa = PBXFileReference; fileEncoding = 4; lastKnownFileType = sourcecode.swift; path = InfoPostingViewController.swift; sourceTree = "<group>"; };
		8B0F30E01B2250A00022D25D /* MBProgressHUD.h */ = {isa = PBXFileReference; lastKnownFileType = sourcecode.c.h; path = MBProgressHUD.h; sourceTree = "<group>"; };
		8B0F30E11B2250B60022D25D /* On The Map-Bridging-Header.h */ = {isa = PBXFileReference; lastKnownFileType = sourcecode.c.h; path = "On The Map-Bridging-Header.h"; sourceTree = "<group>"; };
		8B0F30E21B2250B70022D25D /* MBProgressHUD.m */ = {isa = PBXFileReference; fileEncoding = 4; lastKnownFileType = sourcecode.c.objc; path = MBProgressHUD.m; sourceTree = "<group>"; };
		8B0F30E61B2375B20022D25D /* NetworkHandler.swift */ = {isa = PBXFileReference; fileEncoding = 4; lastKnownFileType = sourcecode.swift; path = NetworkHandler.swift; sourceTree = "<group>"; };
		8B6F31DB1B6BCA2000CD9C8B /* FBSDKCoreKit.framework */ = {isa = PBXFileReference; lastKnownFileType = wrapper.framework; path = FBSDKCoreKit.framework; sourceTree = "<group>"; };
		8B6F31DC1B6BCA2000CD9C8B /* FBSDKLoginKit.framework */ = {isa = PBXFileReference; lastKnownFileType = wrapper.framework; path = FBSDKLoginKit.framework; sourceTree = "<group>"; };
		8B8423911B56DC7900B69539 /* SubmittedPin.swift */ = {isa = PBXFileReference; fileEncoding = 4; lastKnownFileType = sourcecode.swift; path = SubmittedPin.swift; sourceTree = "<group>"; };
		8BA6FA211B11BABA0054485A /* StudentPin.swift */ = {isa = PBXFileReference; fileEncoding = 4; lastKnownFileType = sourcecode.swift; path = StudentPin.swift; sourceTree = "<group>"; };
		8BA6FA271B1788480054485A /* Roboto-Medium.ttf */ = {isa = PBXFileReference; lastKnownFileType = file; path = "Roboto-Medium.ttf"; sourceTree = "<group>"; };
		8BA6FA281B1788480054485A /* Roboto-Regular.ttf */ = {isa = PBXFileReference; lastKnownFileType = file; path = "Roboto-Regular.ttf"; sourceTree = "<group>"; };
		8BA6FA291B1788480054485A /* Roboto-Thin.ttf */ = {isa = PBXFileReference; lastKnownFileType = file; path = "Roboto-Thin.ttf"; sourceTree = "<group>"; };
		8BBE95121B0E7A100021B769 /* On The Map.app */ = {isa = PBXFileReference; explicitFileType = wrapper.application; includeInIndex = 0; path = "On The Map.app"; sourceTree = BUILT_PRODUCTS_DIR; };
		8BBE95161B0E7A100021B769 /* Info.plist */ = {isa = PBXFileReference; lastKnownFileType = text.plist.xml; path = Info.plist; sourceTree = "<group>"; };
		8BBE95171B0E7A100021B769 /* AppDelegate.swift */ = {isa = PBXFileReference; lastKnownFileType = sourcecode.swift; path = AppDelegate.swift; sourceTree = "<group>"; };
		8BBE95191B0E7A100021B769 /* LogInViewController.swift */ = {isa = PBXFileReference; lastKnownFileType = sourcecode.swift; path = LogInViewController.swift; sourceTree = "<group>"; };
		8BBE951C1B0E7A100021B769 /* Base */ = {isa = PBXFileReference; lastKnownFileType = file.storyboard; name = Base; path = Base.lproj/Main.storyboard; sourceTree = "<group>"; };
		8BBE951E1B0E7A100021B769 /* Images.xcassets */ = {isa = PBXFileReference; lastKnownFileType = folder.assetcatalog; path = Images.xcassets; sourceTree = "<group>"; };
		8BBE95211B0E7A100021B769 /* Base */ = {isa = PBXFileReference; lastKnownFileType = file.xib; name = Base; path = Base.lproj/LaunchScreen.xib; sourceTree = "<group>"; };
		8BBE95271B0E7A100021B769 /* On The MapTests.xctest */ = {isa = PBXFileReference; explicitFileType = wrapper.cfbundle; includeInIndex = 0; path = "On The MapTests.xctest"; sourceTree = BUILT_PRODUCTS_DIR; };
		8BBE952C1B0E7A100021B769 /* Info.plist */ = {isa = PBXFileReference; lastKnownFileType = text.plist.xml; path = Info.plist; sourceTree = "<group>"; };
		8BBE952D1B0E7A100021B769 /* On_The_MapTests.swift */ = {isa = PBXFileReference; lastKnownFileType = sourcecode.swift; path = On_The_MapTests.swift; sourceTree = "<group>"; };
		8BBE95391B0ED18A0021B769 /* MapViewController.swift */ = {isa = PBXFileReference; fileEncoding = 4; lastKnownFileType = sourcecode.swift; path = MapViewController.swift; sourceTree = "<group>"; };
		8BBE953B1B0ED1DA0021B769 /* TableViewController.swift */ = {isa = PBXFileReference; fileEncoding = 4; lastKnownFileType = sourcecode.swift; path = TableViewController.swift; sourceTree = "<group>"; };
		8BEBED011B30BFFB00820269 /* Student.swift */ = {isa = PBXFileReference; fileEncoding = 4; lastKnownFileType = sourcecode.swift; path = Student.swift; sourceTree = "<group>"; };
/* End PBXFileReference section */

/* Begin PBXFrameworksBuildPhase section */
		8BBE950F1B0E7A100021B769 /* Frameworks */ = {
			isa = PBXFrameworksBuildPhase;
			buildActionMask = 2147483647;
			files = (
				8B6F31DE1B6BCA2000CD9C8B /* FBSDKLoginKit.framework in Frameworks */,
				8B6F31DD1B6BCA2000CD9C8B /* FBSDKCoreKit.framework in Frameworks */,
			);
			runOnlyForDeploymentPostprocessing = 0;
		};
		8BBE95241B0E7A100021B769 /* Frameworks */ = {
			isa = PBXFrameworksBuildPhase;
			buildActionMask = 2147483647;
			files = (
			);
			runOnlyForDeploymentPostprocessing = 0;
		};
/* End PBXFrameworksBuildPhase section */

/* Begin PBXGroup section */
		8BBE95091B0E7A100021B769 = {
			isa = PBXGroup;
			children = (
				8BBE95141B0E7A100021B769 /* On The Map */,
				8BBE952A1B0E7A100021B769 /* On The MapTests */,
				8BBE95131B0E7A100021B769 /* Products */,
			);
			sourceTree = "<group>";
		};
		8BBE95131B0E7A100021B769 /* Products */ = {
			isa = PBXGroup;
			children = (
				8BBE95121B0E7A100021B769 /* On The Map.app */,
				8BBE95271B0E7A100021B769 /* On The MapTests.xctest */,
			);
			name = Products;
			sourceTree = "<group>";
		};
		8BBE95141B0E7A100021B769 /* On The Map */ = {
			isa = PBXGroup;
			children = (
				8BBE95171B0E7A100021B769 /* AppDelegate.swift */,
				8BBE95191B0E7A100021B769 /* LogInViewController.swift */,
				8BBE951B1B0E7A100021B769 /* Main.storyboard */,
				8BA6FA211B11BABA0054485A /* StudentPin.swift */,
				8B8423911B56DC7900B69539 /* SubmittedPin.swift */,
				8BBE95391B0ED18A0021B769 /* MapViewController.swift */,
				8B0F30E61B2375B20022D25D /* NetworkHandler.swift */,
				8BEBED011B30BFFB00820269 /* Student.swift */,
				8B0F30DC1B1E76BE0022D25D /* InfoPostingViewController.swift */,
				8BBE953B1B0ED1DA0021B769 /* TableViewController.swift */,
				8BBE951E1B0E7A100021B769 /* Images.xcassets */,
				8BBE95201B0E7A100021B769 /* LaunchScreen.xib */,
				8BA6FA271B1788480054485A /* Roboto-Medium.ttf */,
				8BA6FA281B1788480054485A /* Roboto-Regular.ttf */,
				8BA6FA291B1788480054485A /* Roboto-Thin.ttf */,
				8B6F31DB1B6BCA2000CD9C8B /* FBSDKCoreKit.framework */,
				8B6F31DC1B6BCA2000CD9C8B /* FBSDKLoginKit.framework */,
				8BBE95151B0E7A100021B769 /* Supporting Files */,
			);
			path = "On The Map";
			sourceTree = "<group>";
		};
		8BBE95151B0E7A100021B769 /* Supporting Files */ = {
			isa = PBXGroup;
			children = (
				8B0F30E01B2250A00022D25D /* MBProgressHUD.h */,
				8B0F30E21B2250B70022D25D /* MBProgressHUD.m */,
				8BBE95161B0E7A100021B769 /* Info.plist */,
				8B0F30E11B2250B60022D25D /* On The Map-Bridging-Header.h */,
			);
			name = "Supporting Files";
			sourceTree = "<group>";
		};
		8BBE952A1B0E7A100021B769 /* On The MapTests */ = {
			isa = PBXGroup;
			children = (
				8BBE952D1B0E7A100021B769 /* On_The_MapTests.swift */,
				8BBE952B1B0E7A100021B769 /* Supporting Files */,
			);
			path = "On The MapTests";
			sourceTree = "<group>";
		};
		8BBE952B1B0E7A100021B769 /* Supporting Files */ = {
			isa = PBXGroup;
			children = (
				8BBE952C1B0E7A100021B769 /* Info.plist */,
			);
			name = "Supporting Files";
			sourceTree = "<group>";
		};
/* End PBXGroup section */

/* Begin PBXNativeTarget section */
		8BBE95111B0E7A100021B769 /* On The Map */ = {
			isa = PBXNativeTarget;
			buildConfigurationList = 8BBE95311B0E7A100021B769 /* Build configuration list for PBXNativeTarget "On The Map" */;
			buildPhases = (
				8BBE950E1B0E7A100021B769 /* Sources */,
				8BBE950F1B0E7A100021B769 /* Frameworks */,
				8BBE95101B0E7A100021B769 /* Resources */,
			);
			buildRules = (
			);
			dependencies = (
			);
			name = "On The Map";
			productName = "On The Map";
			productReference = 8BBE95121B0E7A100021B769 /* On The Map.app */;
			productType = "com.apple.product-type.application";
		};
		8BBE95261B0E7A100021B769 /* On The MapTests */ = {
			isa = PBXNativeTarget;
			buildConfigurationList = 8BBE95341B0E7A100021B769 /* Build configuration list for PBXNativeTarget "On The MapTests" */;
			buildPhases = (
				8BBE95231B0E7A100021B769 /* Sources */,
				8BBE95241B0E7A100021B769 /* Frameworks */,
				8BBE95251B0E7A100021B769 /* Resources */,
			);
			buildRules = (
			);
			dependencies = (
				8BBE95291B0E7A100021B769 /* PBXTargetDependency */,
			);
			name = "On The MapTests";
			productName = "On The MapTests";
			productReference = 8BBE95271B0E7A100021B769 /* On The MapTests.xctest */;
			productType = "com.apple.product-type.bundle.unit-test";
		};
/* End PBXNativeTarget section */

/* Begin PBXProject section */
		8BBE950A1B0E7A100021B769 /* Project object */ = {
			isa = PBXProject;
			attributes = {
				LastUpgradeCheck = 0630;
				ORGANIZATIONNAME = "Gershy Lev";
				TargetAttributes = {
					8BBE95111B0E7A100021B769 = {
						CreatedOnToolsVersion = 6.3.2;
					};
					8BBE95261B0E7A100021B769 = {
						CreatedOnToolsVersion = 6.3.2;
						TestTargetID = 8BBE95111B0E7A100021B769;
					};
				};
			};
			buildConfigurationList = 8BBE950D1B0E7A100021B769 /* Build configuration list for PBXProject "On The Map" */;
			compatibilityVersion = "Xcode 3.2";
			developmentRegion = English;
			hasScannedForEncodings = 0;
			knownRegions = (
				en,
				Base,
			);
			mainGroup = 8BBE95091B0E7A100021B769;
			productRefGroup = 8BBE95131B0E7A100021B769 /* Products */;
			projectDirPath = "";
			projectRoot = "";
			targets = (
				8BBE95111B0E7A100021B769 /* On The Map */,
				8BBE95261B0E7A100021B769 /* On The MapTests */,
			);
		};
/* End PBXProject section */

/* Begin PBXResourcesBuildPhase section */
		8BBE95101B0E7A100021B769 /* Resources */ = {
			isa = PBXResourcesBuildPhase;
			buildActionMask = 2147483647;
			files = (
				8BBE951D1B0E7A100021B769 /* Main.storyboard in Resources */,
				8BBE95221B0E7A100021B769 /* LaunchScreen.xib in Resources */,
				8BBE951F1B0E7A100021B769 /* Images.xcassets in Resources */,
			);
			runOnlyForDeploymentPostprocessing = 0;
		};
		8BBE95251B0E7A100021B769 /* Resources */ = {
			isa = PBXResourcesBuildPhase;
			buildActionMask = 2147483647;
			files = (
			);
			runOnlyForDeploymentPostprocessing = 0;
		};
/* End PBXResourcesBuildPhase section */

/* Begin PBXSourcesBuildPhase section */
		8BBE950E1B0E7A100021B769 /* Sources */ = {
			isa = PBXSourcesBuildPhase;
			buildActionMask = 2147483647;
			files = (
				8BBE951A1B0E7A100021B769 /* LogInViewController.swift in Sources */,
				8BBE953A1B0ED18A0021B769 /* MapViewController.swift in Sources */,
				8B0F30E71B2375B20022D25D /* NetworkHandler.swift in Sources */,
				8BBE95181B0E7A100021B769 /* AppDelegate.swift in Sources */,
				8B0F30E31B2250B70022D25D /* MBProgressHUD.m in Sources */,
				8B8423921B56DC7900B69539 /* SubmittedPin.swift in Sources */,
				8BA6FA221B11BABA0054485A /* StudentPin.swift in Sources */,
				8B0F30DD1B1E76BE0022D25D /* InfoPostingViewController.swift in Sources */,
				8BEBED021B30BFFB00820269 /* Student.swift in Sources */,
				8BBE953C1B0ED1DA0021B769 /* TableViewController.swift in Sources */,
			);
			runOnlyForDeploymentPostprocessing = 0;
		};
		8BBE95231B0E7A100021B769 /* Sources */ = {
			isa = PBXSourcesBuildPhase;
			buildActionMask = 2147483647;
			files = (
				8BBE952E1B0E7A100021B769 /* On_The_MapTests.swift in Sources */,
			);
			runOnlyForDeploymentPostprocessing = 0;
		};
/* End PBXSourcesBuildPhase section */

/* Begin PBXTargetDependency section */
		8BBE95291B0E7A100021B769 /* PBXTargetDependency */ = {
			isa = PBXTargetDependency;
			target = 8BBE95111B0E7A100021B769 /* On The Map */;
			targetProxy = 8BBE95281B0E7A100021B769 /* PBXContainerItemProxy */;
		};
/* End PBXTargetDependency section */

/* Begin PBXVariantGroup section */
		8BBE951B1B0E7A100021B769 /* Main.storyboard */ = {
			isa = PBXVariantGroup;
			children = (
				8BBE951C1B0E7A100021B769 /* Base */,
			);
			name = Main.storyboard;
			sourceTree = "<group>";
		};
		8BBE95201B0E7A100021B769 /* LaunchScreen.xib */ = {
			isa = PBXVariantGroup;
			children = (
				8BBE95211B0E7A100021B769 /* Base */,
			);
			name = LaunchScreen.xib;
			sourceTree = "<group>";
		};
/* End PBXVariantGroup section */

/* Begin XCBuildConfiguration section */
		8BBE952F1B0E7A100021B769 /* Debug */ = {
			isa = XCBuildConfiguration;
			buildSettings = {
				ALWAYS_SEARCH_USER_PATHS = NO;
				CLANG_CXX_LANGUAGE_STANDARD = "gnu++0x";
				CLANG_CXX_LIBRARY = "libc++";
				CLANG_ENABLE_MODULES = YES;
				CLANG_ENABLE_OBJC_ARC = YES;
				CLANG_WARN_BOOL_CONVERSION = YES;
				CLANG_WARN_CONSTANT_CONVERSION = YES;
				CLANG_WARN_DIRECT_OBJC_ISA_USAGE = YES_ERROR;
				CLANG_WARN_EMPTY_BODY = YES;
				CLANG_WARN_ENUM_CONVERSION = YES;
				CLANG_WARN_INT_CONVERSION = YES;
				CLANG_WARN_OBJC_ROOT_CLASS = YES_ERROR;
				CLANG_WARN_UNREACHABLE_CODE = YES;
				CLANG_WARN__DUPLICATE_METHOD_MATCH = YES;
				"CODE_SIGN_IDENTITY[sdk=iphoneos*]" = "iPhone Developer";
				COPY_PHASE_STRIP = NO;
				DEBUG_INFORMATION_FORMAT = "dwarf-with-dsym";
				ENABLE_STRICT_OBJC_MSGSEND = YES;
				GCC_C_LANGUAGE_STANDARD = gnu99;
				GCC_DYNAMIC_NO_PIC = NO;
				GCC_NO_COMMON_BLOCKS = YES;
				GCC_OPTIMIZATION_LEVEL = 0;
				GCC_PREPROCESSOR_DEFINITIONS = (
					"DEBUG=1",
					"$(inherited)",
				);
				GCC_SYMBOLS_PRIVATE_EXTERN = NO;
				GCC_WARN_64_TO_32_BIT_CONVERSION = YES;
				GCC_WARN_ABOUT_RETURN_TYPE = YES_ERROR;
				GCC_WARN_UNDECLARED_SELECTOR = YES;
				GCC_WARN_UNINITIALIZED_AUTOS = YES_AGGRESSIVE;
				GCC_WARN_UNUSED_FUNCTION = YES;
				GCC_WARN_UNUSED_VARIABLE = YES;
				IPHONEOS_DEPLOYMENT_TARGET = 8.3;
				MTL_ENABLE_DEBUG_INFO = YES;
				ONLY_ACTIVE_ARCH = YES;
				SDKROOT = iphoneos;
				SWIFT_OPTIMIZATION_LEVEL = "-Onone";
			};
			name = Debug;
		};
		8BBE95301B0E7A100021B769 /* Release */ = {
			isa = XCBuildConfiguration;
			buildSettings = {
				ALWAYS_SEARCH_USER_PATHS = NO;
				CLANG_CXX_LANGUAGE_STANDARD = "gnu++0x";
				CLANG_CXX_LIBRARY = "libc++";
				CLANG_ENABLE_MODULES = YES;
				CLANG_ENABLE_OBJC_ARC = YES;
				CLANG_WARN_BOOL_CONVERSION = YES;
				CLANG_WARN_CONSTANT_CONVERSION = YES;
				CLANG_WARN_DIRECT_OBJC_ISA_USAGE = YES_ERROR;
				CLANG_WARN_EMPTY_BODY = YES;
				CLANG_WARN_ENUM_CONVERSION = YES;
				CLANG_WARN_INT_CONVERSION = YES;
				CLANG_WARN_OBJC_ROOT_CLASS = YES_ERROR;
				CLANG_WARN_UNREACHABLE_CODE = YES;
				CLANG_WARN__DUPLICATE_METHOD_MATCH = YES;
				"CODE_SIGN_IDENTITY[sdk=iphoneos*]" = "iPhone Developer";
				COPY_PHASE_STRIP = NO;
				DEBUG_INFORMATION_FORMAT = "dwarf-with-dsym";
				ENABLE_NS_ASSERTIONS = NO;
				ENABLE_STRICT_OBJC_MSGSEND = YES;
				GCC_C_LANGUAGE_STANDARD = gnu99;
				GCC_NO_COMMON_BLOCKS = YES;
				GCC_WARN_64_TO_32_BIT_CONVERSION = YES;
				GCC_WARN_ABOUT_RETURN_TYPE = YES_ERROR;
				GCC_WARN_UNDECLARED_SELECTOR = YES;
				GCC_WARN_UNINITIALIZED_AUTOS = YES_AGGRESSIVE;
				GCC_WARN_UNUSED_FUNCTION = YES;
				GCC_WARN_UNUSED_VARIABLE = YES;
				IPHONEOS_DEPLOYMENT_TARGET = 8.3;
				MTL_ENABLE_DEBUG_INFO = NO;
				SDKROOT = iphoneos;
				VALIDATE_PRODUCT = YES;
			};
			name = Release;
		};
		8BBE95321B0E7A100021B769 /* Debug */ = {
			isa = XCBuildConfiguration;
			buildSettings = {
				ASSETCATALOG_COMPILER_APPICON_NAME = AppIcon;
				CLANG_ENABLE_MODULES = YES;
				FRAMEWORK_SEARCH_PATHS = (
					"$(inherited)",
					"$(PROJECT_DIR)/On",
					The,
					Map,
					/Users/Gershy/Documents/FacebookSDK,
					"$(PROJECT_DIR)/On",
					The,
					Map,
				);
				INFOPLIST_FILE = "On The Map/Info.plist";
				LD_RUNPATH_SEARCH_PATHS = "$(inherited) @executable_path/Frameworks";
				PRODUCT_NAME = "$(TARGET_NAME)";
				SWIFT_OBJC_BRIDGING_HEADER = "On The Map/On The Map-Bridging-Header.h";
				SWIFT_OPTIMIZATION_LEVEL = "-Onone";
			};
			name = Debug;
		};
		8BBE95331B0E7A100021B769 /* Release */ = {
			isa = XCBuildConfiguration;
			buildSettings = {
				ASSETCATALOG_COMPILER_APPICON_NAME = AppIcon;
				CLANG_ENABLE_MODULES = YES;
				FRAMEWORK_SEARCH_PATHS = (
					"$(inherited)",
					"$(PROJECT_DIR)/On",
					The,
					Map,
					/Users/Gershy/Documents/FacebookSDK,
					"$(PROJECT_DIR)/On",
					The,
					Map,
				);
				INFOPLIST_FILE = "On The Map/Info.plist";
				LD_RUNPATH_SEARCH_PATHS = "$(inherited) @executable_path/Frameworks";
				PRODUCT_NAME = "$(TARGET_NAME)";
				SWIFT_OBJC_BRIDGING_HEADER = "On The Map/On The Map-Bridging-Header.h";
			};
			name = Release;
		};
		8BBE95351B0E7A100021B769 /* Debug */ = {
			isa = XCBuildConfiguration;
			buildSettings = {
				BUNDLE_LOADER = "$(TEST_HOST)";
				FRAMEWORK_SEARCH_PATHS = (
					"$(SDKROOT)/Developer/Library/Frameworks",
					"$(inherited)",
				);
				GCC_PREPROCESSOR_DEFINITIONS = (
					"DEBUG=1",
					"$(inherited)",
				);
				INFOPLIST_FILE = "On The MapTests/Info.plist";
				LD_RUNPATH_SEARCH_PATHS = "$(inherited) @executable_path/Frameworks @loader_path/Frameworks";
				PRODUCT_NAME = "$(TARGET_NAME)";
				TEST_HOST = "$(BUILT_PRODUCTS_DIR)/On The Map.app/On The Map";
			};
			name = Debug;
		};
		8BBE95361B0E7A100021B769 /* Release */ = {
			isa = XCBuildConfiguration;
			buildSettings = {
				BUNDLE_LOADER = "$(TEST_HOST)";
				FRAMEWORK_SEARCH_PATHS = (
					"$(SDKROOT)/Developer/Library/Frameworks",
					"$(inherited)",
				);
				INFOPLIST_FILE = "On The MapTests/Info.plist";
				LD_RUNPATH_SEARCH_PATHS = "$(inherited) @executable_path/Frameworks @loader_path/Frameworks";
				PRODUCT_NAME = "$(TARGET_NAME)";
				TEST_HOST = "$(BUILT_PRODUCTS_DIR)/On The Map.app/On The Map";
			};
			name = Release;
		};
/* End XCBuildConfiguration section */

/* Begin XCConfigurationList section */
		8BBE950D1B0E7A100021B769 /* Build configuration list for PBXProject "On The Map" */ = {
			isa = XCConfigurationList;
			buildConfigurations = (
				8BBE952F1B0E7A100021B769 /* Debug */,
				8BBE95301B0E7A100021B769 /* Release */,
			);
			defaultConfigurationIsVisible = 0;
			defaultConfigurationName = Release;
		};
		8BBE95311B0E7A100021B769 /* Build configuration list for PBXNativeTarget "On The Map" */ = {
			isa = XCConfigurationList;
			buildConfigurations = (
				8BBE95321B0E7A100021B769 /* Debug */,
				8BBE95331B0E7A100021B769 /* Release */,
			);
			defaultConfigurationIsVisible = 0;
			defaultConfigurationName = Release;
		};
		8BBE95341B0E7A100021B769 /* Build configuration list for PBXNativeTarget "On The MapTests" */ = {
			isa = XCConfigurationList;
			buildConfigurations = (
				8BBE95351B0E7A100021B769 /* Debug */,
				8BBE95361B0E7A100021B769 /* Release */,
			);
			defaultConfigurationIsVisible = 0;
			defaultConfigurationName = Release;
		};
/* End XCConfigurationList section */
	};
	rootObject = 8BBE950A1B0E7A100021B769 /* Project object */;
}
